
Microsoft Visual Studio Solution File, Format Version 12.00
# Visual Studio Version 17
VisualStudioVersion = 17.7.34031.279
MinimumVisualStudioVersion = 10.0.40219.1
Project("{FAE04EC0-301F-11D3-BF4B-00C04F79EFBC}") = "Back_Factura", "Back_Factura\Back_Factura.csproj", "{3617C62F-BFC3-4D93-BFA8-A47C2B7BCEFE}"
EndProject
Global
	GlobalSection(SolutionConfigurationPlatforms) = preSolution
		Debug|Any CPU = Debug|Any CPU
		Release|Any CPU = Release|Any CPU
	EndGlobalSection
	GlobalSection(ProjectConfigurationPlatforms) = postSolution
		{3617C62F-BFC3-4D93-BFA8-A47C2B7BCEFE}.Debug|Any CPU.ActiveCfg = Debug|Any CPU
		{3617C62F-BFC3-4D93-BFA8-A47C2B7BCEFE}.Debug|Any CPU.Build.0 = Debug|Any CPU
		{3617C62F-BFC3-4D93-BFA8-A47C2B7BCEFE}.Release|Any CPU.ActiveCfg = Release|Any CPU
		{3617C62F-BFC3-4D93-BFA8-A47C2B7BCEFE}.Release|Any CPU.Build.0 = Release|Any CPU
	EndGlobalSection
	GlobalSection(SolutionProperties) = preSolution
		HideSolutionNode = FALSE
	EndGlobalSection
	GlobalSection(ExtensibilityGlobals) = postSolution
		SolutionGuid = {C298F1D2-39A6-4E02-A8B8-E06AACDD90D2}
	EndGlobalSection
EndGlobal
